
Microsoft Visual Studio Solution File, Format Version 12.00
# Visual Studio Version 16
VisualStudioVersion = 16.0.29905.134
MinimumVisualStudioVersion = 10.0.40219.1
Project("{FAE04EC0-301F-11D3-BF4B-00C04F79EFBC}") = "NumberGuesser", "NumberGuesser\NumberGuesser.csproj", "{68009F8C-32FA-448A-AA7B-09C426BD5A81}"
EndProject
Global
	GlobalSection(SolutionConfigurationPlatforms) = preSolution
		Debug|Any CPU = Debug|Any CPU
		Release|Any CPU = Release|Any CPU
	EndGlobalSection
	GlobalSection(ProjectConfigurationPlatforms) = postSolution
		{68009F8C-32FA-448A-AA7B-09C426BD5A81}.Debug|Any CPU.ActiveCfg = Debug|Any CPU
		{68009F8C-32FA-448A-AA7B-09C426BD5A81}.Debug|Any CPU.Build.0 = Debug|Any CPU
		{68009F8C-32FA-448A-AA7B-09C426BD5A81}.Release|Any CPU.ActiveCfg = Release|Any CPU
		{68009F8C-32FA-448A-AA7B-09C426BD5A81}.Release|Any CPU.Build.0 = Release|Any CPU
	EndGlobalSection
	GlobalSection(SolutionProperties) = preSolution
		HideSolutionNode = FALSE
	EndGlobalSection
	GlobalSection(ExtensibilityGlobals) = postSolution
		SolutionGuid = {301EC8E6-E0F6-467A-BF3A-F3F15EDC84A7}
	EndGlobalSection
EndGlobal
